// !$*UTF8*$!
{
	archiveVersion = 1;
	classes = {
	};
	objectVersion = 77;
	objects = {

/* Begin PBXContainerItemProxy section */
		831653C52D93D0BA006F96E1 /* PBXContainerItemProxy */ = {
			isa = PBXContainerItemProxy;
			containerPortal = 831653A82D93D0B9006F96E1 /* Project object */;
			proxyType = 1;
			remoteGlobalIDString = 831653AF2D93D0B9006F96E1;
			remoteInfo = cobacloudkit;
		};
		831653CF2D93D0BA006F96E1 /* PBXContainerItemProxy */ = {
			isa = PBXContainerItemProxy;
			containerPortal = 831653A82D93D0B9006F96E1 /* Project object */;
			proxyType = 1;
			remoteGlobalIDString = 831653AF2D93D0B9006F96E1;
			remoteInfo = cobacloudkit;
		};
/* End PBXContainerItemProxy section */

/* Begin PBXFileReference section */
		831653B02D93D0B9006F96E1 /* cobacloudkit.app */ = {isa = PBXFileReference; explicitFileType = wrapper.application; includeInIndex = 0; path = cobacloudkit.app; sourceTree = BUILT_PRODUCTS_DIR; };
		831653C42D93D0BA006F96E1 /* cobacloudkitTests.xctest */ = {isa = PBXFileReference; explicitFileType = wrapper.cfbundle; includeInIndex = 0; path = cobacloudkitTests.xctest; sourceTree = BUILT_PRODUCTS_DIR; };
		831653CE2D93D0BA006F96E1 /* cobacloudkitUITests.xctest */ = {isa = PBXFileReference; explicitFileType = wrapper.cfbundle; includeInIndex = 0; path = cobacloudkitUITests.xctest; sourceTree = BUILT_PRODUCTS_DIR; };
/* End PBXFileReference section */

/* Begin PBXFileSystemSynchronizedBuildFileExceptionSet section */
		831653D62D93D0BA006F96E1 /* Exceptions for "cobacloudkit" folder in "cobacloudkit" target */ = {
			isa = PBXFileSystemSynchronizedBuildFileExceptionSet;
			membershipExceptions = (
				Info.plist,
			);
			target = 831653AF2D93D0B9006F96E1 /* cobacloudkit */;
		};
/* End PBXFileSystemSynchronizedBuildFileExceptionSet section */

/* Begin PBXFileSystemSynchronizedRootGroup section */
		831653B22D93D0B9006F96E1 /* cobacloudkit */ = {
			isa = PBXFileSystemSynchronizedRootGroup;
			exceptions = (
				831653D62D93D0BA006F96E1 /* Exceptions for "cobacloudkit" folder in "cobacloudkit" target */,
			);
			path = cobacloudkit;
			sourceTree = "<group>";
		};
		831653C72D93D0BA006F96E1 /* cobacloudkitTests */ = {
			isa = PBXFileSystemSynchronizedRootGroup;
			path = cobacloudkitTests;
			sourceTree = "<group>";
		};
		831653D12D93D0BA006F96E1 /* cobacloudkitUITests */ = {
			isa = PBXFileSystemSynchronizedRootGroup;
			path = cobacloudkitUITests;
			sourceTree = "<group>";
		};
/* End PBXFileSystemSynchronizedRootGroup section */

/* Begin PBXFrameworksBuildPhase section */
		831653AD2D93D0B9006F96E1 /* Frameworks */ = {
			isa = PBXFrameworksBuildPhase;
			buildActionMask = 2147483647;
			files = (
			);
			runOnlyForDeploymentPostprocessing = 0;
		};
		831653C12D93D0BA006F96E1 /* Frameworks */ = {
			isa = PBXFrameworksBuildPhase;
			buildActionMask = 2147483647;
			files = (
			);
			runOnlyForDeploymentPostprocessing = 0;
		};
		831653CB2D93D0BA006F96E1 /* Frameworks */ = {
			isa = PBXFrameworksBuildPhase;
			buildActionMask = 2147483647;
			files = (
			);
			runOnlyForDeploymentPostprocessing = 0;
		};
/* End PBXFrameworksBuildPhase section */

/* Begin PBXGroup section */
		831653A72D93D0B9006F96E1 = {
			isa = PBXGroup;
			children = (
				831653B22D93D0B9006F96E1 /* cobacloudkit */,
				831653C72D93D0BA006F96E1 /* cobacloudkitTests */,
				831653D12D93D0BA006F96E1 /* cobacloudkitUITests */,
				831653B12D93D0B9006F96E1 /* Products */,
			);
			sourceTree = "<group>";
		};
		831653B12D93D0B9006F96E1 /* Products */ = {
			isa = PBXGroup;
			children = (
				831653B02D93D0B9006F96E1 /* cobacloudkit.app */,
				831653C42D93D0BA006F96E1 /* cobacloudkitTests.xctest */,
				831653CE2D93D0BA006F96E1 /* cobacloudkitUITests.xctest */,
			);
			name = Products;
			sourceTree = "<group>";
		};
/* End PBXGroup section */

/* Begin PBXNativeTarget section */
		831653AF2D93D0B9006F96E1 /* cobacloudkit */ = {
			isa = PBXNativeTarget;
			buildConfigurationList = 831653D72D93D0BA006F96E1 /* Build configuration list for PBXNativeTarget "cobacloudkit" */;
			buildPhases = (
				831653AC2D93D0B9006F96E1 /* Sources */,
				831653AD2D93D0B9006F96E1 /* Frameworks */,
				831653AE2D93D0B9006F96E1 /* Resources */,
			);
			buildRules = (
			);
			dependencies = (
			);
			fileSystemSynchronizedGroups = (
				831653B22D93D0B9006F96E1 /* cobacloudkit */,
			);
			name = cobacloudkit;
			packageProductDependencies = (
			);
			productName = cobacloudkit;
			productReference = 831653B02D93D0B9006F96E1 /* cobacloudkit.app */;
			productType = "com.apple.product-type.application";
		};
		831653C32D93D0BA006F96E1 /* cobacloudkitTests */ = {
			isa = PBXNativeTarget;
			buildConfigurationList = 831653DC2D93D0BA006F96E1 /* Build configuration list for PBXNativeTarget "cobacloudkitTests" */;
			buildPhases = (
				831653C02D93D0BA006F96E1 /* Sources */,
				831653C12D93D0BA006F96E1 /* Frameworks */,
				831653C22D93D0BA006F96E1 /* Resources */,
			);
			buildRules = (
			);
			dependencies = (
				831653C62D93D0BA006F96E1 /* PBXTargetDependency */,
			);
			fileSystemSynchronizedGroups = (
				831653C72D93D0BA006F96E1 /* cobacloudkitTests */,
			);
			name = cobacloudkitTests;
			packageProductDependencies = (
			);
			productName = cobacloudkitTests;
			productReference = 831653C42D93D0BA006F96E1 /* cobacloudkitTests.xctest */;
			productType = "com.apple.product-type.bundle.unit-test";
		};
		831653CD2D93D0BA006F96E1 /* cobacloudkitUITests */ = {
			isa = PBXNativeTarget;
			buildConfigurationList = 831653DF2D93D0BA006F96E1 /* Build configuration list for PBXNativeTarget "cobacloudkitUITests" */;
			buildPhases = (
				831653CA2D93D0BA006F96E1 /* Sources */,
				831653CB2D93D0BA006F96E1 /* Frameworks */,
				831653CC2D93D0BA006F96E1 /* Resources */,
			);
			buildRules = (
			);
			dependencies = (
				831653D02D93D0BA006F96E1 /* PBXTargetDependency */,
			);
			fileSystemSynchronizedGroups = (
				831653D12D93D0BA006F96E1 /* cobacloudkitUITests */,
			);
			name = cobacloudkitUITests;
			packageProductDependencies = (
			);
			productName = cobacloudkitUITests;
			productReference = 831653CE2D93D0BA006F96E1 /* cobacloudkitUITests.xctest */;
			productType = "com.apple.product-type.bundle.ui-testing";
		};
/* End PBXNativeTarget section */

/* Begin PBXProject section */
		831653A82D93D0B9006F96E1 /* Project object */ = {
			isa = PBXProject;
			attributes = {
				BuildIndependentTargetsInParallel = 1;
				LastSwiftUpdateCheck = 1620;
				LastUpgradeCheck = 1620;
				TargetAttributes = {
					831653AF2D93D0B9006F96E1 = {
						CreatedOnToolsVersion = 16.2;
					};
					831653C32D93D0BA006F96E1 = {
						CreatedOnToolsVersion = 16.2;
						TestTargetID = 831653AF2D93D0B9006F96E1;
					};
					831653CD2D93D0BA006F96E1 = {
						CreatedOnToolsVersion = 16.2;
						TestTargetID = 831653AF2D93D0B9006F96E1;
					};
				};
			};
			buildConfigurationList = 831653AB2D93D0B9006F96E1 /* Build configuration list for PBXProject "cobacloudkit" */;
			developmentRegion = en;
			hasScannedForEncodings = 0;
			knownRegions = (
				en,
				Base,
			);
			mainGroup = 831653A72D93D0B9006F96E1;
			minimizedProjectReferenceProxies = 1;
			preferredProjectObjectVersion = 77;
			productRefGroup = 831653B12D93D0B9006F96E1 /* Products */;
			projectDirPath = "";
			projectRoot = "";
			targets = (
				831653AF2D93D0B9006F96E1 /* cobacloudkit */,
				831653C32D93D0BA006F96E1 /* cobacloudkitTests */,
				831653CD2D93D0BA006F96E1 /* cobacloudkitUITests */,
			);
		};
/* End PBXProject section */

/* Begin PBXResourcesBuildPhase section */
		831653AE2D93D0B9006F96E1 /* Resources */ = {
			isa = PBXResourcesBuildPhase;
			buildActionMask = 2147483647;
			files = (
			);
			runOnlyForDeploymentPostprocessing = 0;
		};
		831653C22D93D0BA006F96E1 /* Resources */ = {
			isa = PBXResourcesBuildPhase;
			buildActionMask = 2147483647;
			files = (
			);
			runOnlyForDeploymentPostprocessing = 0;
		};
		831653CC2D93D0BA006F96E1 /* Resources */ = {
			isa = PBXResourcesBuildPhase;
			buildActionMask = 2147483647;
			files = (
			);
			runOnlyForDeploymentPostprocessing = 0;
		};
/* End PBXResourcesBuildPhase section */

/* Begin PBXSourcesBuildPhase section */
		831653AC2D93D0B9006F96E1 /* Sources */ = {
			isa = PBXSourcesBuildPhase;
			buildActionMask = 2147483647;
			files = (
			);
			runOnlyForDeploymentPostprocessing = 0;
		};
		831653C02D93D0BA006F96E1 /* Sources */ = {
			isa = PBXSourcesBuildPhase;
			buildActionMask = 2147483647;
			files = (
			);
			runOnlyForDeploymentPostprocessing = 0;
		};
		831653CA2D93D0BA006F96E1 /* Sources */ = {
			isa = PBXSourcesBuildPhase;
			buildActionMask = 2147483647;
			files = (
			);
			runOnlyForDeploymentPostprocessing = 0;
		};
/* End PBXSourcesBuildPhase section */

/* Begin PBXTargetDependency section */
		831653C62D93D0BA006F96E1 /* PBXTargetDependency */ = {
			isa = PBXTargetDependency;
			target = 831653AF2D93D0B9006F96E1 /* cobacloudkit */;
			targetProxy = 831653C52D93D0BA006F96E1 /* PBXContainerItemProxy */;
		};
		831653D02D93D0BA006F96E1 /* PBXTargetDependency */ = {
			isa = PBXTargetDependency;
			target = 831653AF2D93D0B9006F96E1 /* cobacloudkit */;
			targetProxy = 831653CF2D93D0BA006F96E1 /* PBXContainerItemProxy */;
		};
/* End PBXTargetDependency section */

/* Begin XCBuildConfiguration section */
		831653D82D93D0BA006F96E1 /* Debug */ = {
			isa = XCBuildConfiguration;
			buildSettings = {
				ASSETCATALOG_COMPILER_APPICON_NAME = AppIcon;
				ASSETCATALOG_COMPILER_GLOBAL_ACCENT_COLOR_NAME = AccentColor;
				CODE_SIGN_ENTITLEMENTS = cobacloudkit/cobacloudkit.entitlements;
				CODE_SIGN_STYLE = Automatic;
				CURRENT_PROJECT_VERSION = 1;
				DEVELOPMENT_ASSET_PATHS = "\"cobacloudkit/Preview Content\"";
				DEVELOPMENT_TEAM = A4KGY5D8P3;
				ENABLE_PREVIEWS = YES;
				GENERATE_INFOPLIST_FILE = YES;
				INFOPLIST_FILE = cobacloudkit/Info.plist;
				INFOPLIST_KEY_UIApplicationSceneManifest_Generation = YES;
				INFOPLIST_KEY_UIApplicationSupportsIndirectInputEvents = YES;
				INFOPLIST_KEY_UILaunchScreen_Generation = YES;
				INFOPLIST_KEY_UISupportedInterfaceOrientations_iPad = "UIInterfaceOrientationPortrait UIInterfaceOrientationPortraitUpsideDown UIInterfaceOrientationLandscapeLeft UIInterfaceOrientationLandscapeRight";
				INFOPLIST_KEY_UISupportedInterfaceOrientations_iPhone = "UIInterfaceOrientationPortrait UIInterfaceOrientationLandscapeLeft UIInterfaceOrientationLandscapeRight";
				LD_RUNPATH_SEARCH_PATHS = (
					"$(inherited)",
					"@executable_path/Frameworks",
				);
				MARKETING_VERSION = 1.0;
				PRODUCT_BUNDLE_IDENTIFIER = com.cloudkityes.yessir;
				PRODUCT_NAME = "$(TARGET_NAME)";
				SWIFT_EMIT_LOC_STRINGS = YES;
				SWIFT_VERSION = 5.0;
				TARGETED_DEVICE_FAMILY = "1,2";
			};
			name = Debug;
		};
		831653D92D93D0BA006F96E1 /* Release */ = {
			isa = XCBuildConfiguration;
			buildSettings = {
				ASSETCATALOG_COMPILER_APPICON_NAME = AppIcon;
				ASSETCATALOG_COMPILER_GLOBAL_ACCENT_COLOR_NAME = AccentColor;
				CODE_SIGN_ENTITLEMENTS = cobacloudkit/cobacloudkit.entitlements;
				CODE_SIGN_STYLE = Automatic;
				CURRENT_PROJECT_VERSION = 1;
				DEVELOPMENT_ASSET_PATHS = "\"cobacloudkit/Preview Content\"";
				DEVELOPMENT_TEAM = A4KGY5D8P3;
				ENABLE_PREVIEWS = YES;
				GENERATE_INFOPLIST_FILE = YES;
				INFOPLIST_FILE = cobacloudkit/Info.plist;
				INFOPLIST_KEY_UIApplicationSceneManifest_Generation = YES;
				INFOPLIST_KEY_UIApplicationSupportsIndirectInputEvents = YES;
				INFOPLIST_KEY_UILaunchScreen_Generation = YES;
				INFOPLIST_KEY_UISupportedInterfaceOrientations_iPad = "UIInterfaceOrientationPortrait UIInterfaceOrientationPortraitUpsideDown UIInterfaceOrientationLandscapeLeft UIInterfaceOrientationLandscapeRight";
				INFOPLIST_KEY_UISupportedInterfaceOrientations_iPhone = "UIInterfaceOrientationPortrait UIInterfaceOrientationLandscapeLeft UIInterfaceOrientationLandscapeRight";
				LD_RUNPATH_SEARCH_PATHS = (
					"$(inherited)",
					"@executable_path/Frameworks",
				);
				MARKETING_VERSION = 1.0;
				PRODUCT_BUNDLE_IDENTIFIER = com.cloudkityes.yessir;
				PRODUCT_NAME = "$(TARGET_NAME)";
				SWIFT_EMIT_LOC_STRINGS = YES;
				SWIFT_VERSION = 5.0;
				TARGETED_DEVICE_FAMILY = "1,2";
			};
			name = Release;
		};
		831653DA2D93D0BA006F96E1 /* Debug */ = {
			isa = XCBuildConfiguration;
			buildSettings = {
				ALWAYS_SEARCH_USER_PATHS = NO;
				ASSETCATALOG_COMPILER_GENERATE_SWIFT_ASSET_SYMBOL_EXTENSIONS = YES;
				CLANG_ANALYZER_NONNULL = YES;
				CLANG_ANALYZER_NUMBER_OBJECT_CONVERSION = YES_AGGRESSIVE;
				CLANG_CXX_LANGUAGE_STANDARD = "gnu++20";
				CLANG_ENABLE_MODULES = YES;
				CLANG_ENABLE_OBJC_ARC = YES;
				CLANG_ENABLE_OBJC_WEAK = YES;
				CLANG_WARN_BLOCK_CAPTURE_AUTORELEASING = YES;
				CLANG_WARN_BOOL_CONVERSION = YES;
				CLANG_WARN_COMMA = YES;
				CLANG_WARN_CONSTANT_CONVERSION = YES;
				CLANG_WARN_DEPRECATED_OBJC_IMPLEMENTATIONS = YES;
				CLANG_WARN_DIRECT_OBJC_ISA_USAGE = YES_ERROR;
				CLANG_WARN_DOCUMENTATION_COMMENTS = YES;
				CLANG_WARN_EMPTY_BODY = YES;
				CLANG_WARN_ENUM_CONVERSION = YES;
				CLANG_WARN_INFINITE_RECURSION = YES;
				CLANG_WARN_INT_CONVERSION = YES;
				CLANG_WARN_NON_LITERAL_NULL_CONVERSION = YES;
				CLANG_WARN_OBJC_IMPLICIT_RETAIN_SELF = YES;
				CLANG_WARN_OBJC_LITERAL_CONVERSION = YES;
				CLANG_WARN_OBJC_ROOT_CLASS = YES_ERROR;
				CLANG_WARN_QUOTED_INCLUDE_IN_FRAMEWORK_HEADER = YES;
				CLANG_WARN_RANGE_LOOP_ANALYSIS = YES;
				CLANG_WARN_STRICT_PROTOTYPES = YES;
				CLANG_WARN_SUSPICIOUS_MOVE = YES;
				CLANG_WARN_UNGUARDED_AVAILABILITY = YES_AGGRESSIVE;
				CLANG_WARN_UNREACHABLE_CODE = YES;
				CLANG_WARN__DUPLICATE_METHOD_MATCH = YES;
				COPY_PHASE_STRIP = NO;
				DEBUG_INFORMATION_FORMAT = dwarf;
				ENABLE_STRICT_OBJC_MSGSEND = YES;
				ENABLE_TESTABILITY = YES;
				ENABLE_USER_SCRIPT_SANDBOXING = YES;
				GCC_C_LANGUAGE_STANDARD = gnu17;
				GCC_DYNAMIC_NO_PIC = NO;
				GCC_NO_COMMON_BLOCKS = YES;
				GCC_OPTIMIZATION_LEVEL = 0;
				GCC_PREPROCESSOR_DEFINITIONS = (
					"DEBUG=1",
					"$(inherited)",
				);
				GCC_WARN_64_TO_32_BIT_CONVERSION = YES;
				GCC_WARN_ABOUT_RETURN_TYPE = YES_ERROR;
				GCC_WARN_UNDECLARED_SELECTOR = YES;
				GCC_WARN_UNINITIALIZED_AUTOS = YES_AGGRESSIVE;
				GCC_WARN_UNUSED_FUNCTION = YES;
				GCC_WARN_UNUSED_VARIABLE = YES;
				IPHONEOS_DEPLOYMENT_TARGET = 18.2;
				LOCALIZATION_PREFERS_STRING_CATALOGS = YES;
				MTL_ENABLE_DEBUG_INFO = INCLUDE_SOURCE;
				MTL_FAST_MATH = YES;
				ONLY_ACTIVE_ARCH = YES;
				SDKROOT = iphoneos;
				SWIFT_ACTIVE_COMPILATION_CONDITIONS = "DEBUG $(inherited)";
				SWIFT_OPTIMIZATION_LEVEL = "-Onone";
			};
			name = Debug;
		};
		831653DB2D93D0BA006F96E1 /* Release */ = {
			isa = XCBuildConfiguration;
			buildSettings = {
				ALWAYS_SEARCH_USER_PATHS = NO;
				ASSETCATALOG_COMPILER_GENERATE_SWIFT_ASSET_SYMBOL_EXTENSIONS = YES;
				CLANG_ANALYZER_NONNULL = YES;
				CLANG_ANALYZER_NUMBER_OBJECT_CONVERSION = YES_AGGRESSIVE;
				CLANG_CXX_LANGUAGE_STANDARD = "gnu++20";
				CLANG_ENABLE_MODULES = YES;
				CLANG_ENABLE_OBJC_ARC = YES;
				CLANG_ENABLE_OBJC_WEAK = YES;
				CLANG_WARN_BLOCK_CAPTURE_AUTORELEASING = YES;
				CLANG_WARN_BOOL_CONVERSION = YES;
				CLANG_WARN_COMMA = YES;
				CLANG_WARN_CONSTANT_CONVERSION = YES;
				CLANG_WARN_DEPRECATED_OBJC_IMPLEMENTATIONS = YES;
				CLANG_WARN_DIRECT_OBJC_ISA_USAGE = YES_ERROR;
				CLANG_WARN_DOCUMENTATION_COMMENTS = YES;
				CLANG_WARN_EMPTY_BODY = YES;
				CLANG_WARN_ENUM_CONVERSION = YES;
				CLANG_WARN_INFINITE_RECURSION = YES;
				CLANG_WARN_INT_CONVERSION = YES;
				CLANG_WARN_NON_LITERAL_NULL_CONVERSION = YES;
				CLANG_WARN_OBJC_IMPLICIT_RETAIN_SELF = YES;
				CLANG_WARN_OBJC_LITERAL_CONVERSION = YES;
				CLANG_WARN_OBJC_ROOT_CLASS = YES_ERROR;
				CLANG_WARN_QUOTED_INCLUDE_IN_FRAMEWORK_HEADER = YES;
				CLANG_WARN_RANGE_LOOP_ANALYSIS = YES;
				CLANG_WARN_STRICT_PROTOTYPES = YES;
				CLANG_WARN_SUSPICIOUS_MOVE = YES;
				CLANG_WARN_UNGUARDED_AVAILABILITY = YES_AGGRESSIVE;
				CLANG_WARN_UNREACHABLE_CODE = YES;
				CLANG_WARN__DUPLICATE_METHOD_MATCH = YES;
				COPY_PHASE_STRIP = NO;
				DEBUG_INFORMATION_FORMAT = "dwarf-with-dsym";
				ENABLE_NS_ASSERTIONS = NO;
				ENABLE_STRICT_OBJC_MSGSEND = YES;
				ENABLE_USER_SCRIPT_SANDBOXING = YES;
				GCC_C_LANGUAGE_STANDARD = gnu17;
				GCC_NO_COMMON_BLOCKS = YES;
				GCC_WARN_64_TO_32_BIT_CONVERSION = YES;
				GCC_WARN_ABOUT_RETURN_TYPE = YES_ERROR;
				GCC_WARN_UNDECLARED_SELECTOR = YES;
				GCC_WARN_UNINITIALIZED_AUTOS = YES_AGGRESSIVE;
				GCC_WARN_UNUSED_FUNCTION = YES;
				GCC_WARN_UNUSED_VARIABLE = YES;
				IPHONEOS_DEPLOYMENT_TARGET = 18.2;
				LOCALIZATION_PREFERS_STRING_CATALOGS = YES;
				MTL_ENABLE_DEBUG_INFO = NO;
				MTL_FAST_MATH = YES;
				SDKROOT = iphoneos;
				SWIFT_COMPILATION_MODE = wholemodule;
				VALIDATE_PRODUCT = YES;
			};
			name = Release;
		};
		831653DD2D93D0BA006F96E1 /* Debug */ = {
			isa = XCBuildConfiguration;
			buildSettings = {
				BUNDLE_LOADER = "$(TEST_HOST)";
				CODE_SIGN_STYLE = Automatic;
				CURRENT_PROJECT_VERSION = 1;
				DEVELOPMENT_TEAM = A4KGY5D8P3;
				GENERATE_INFOPLIST_FILE = YES;
				IPHONEOS_DEPLOYMENT_TARGET = 18.2;
				MARKETING_VERSION = 1.0;
				PRODUCT_BUNDLE_IDENTIFIER = com.cloudkityes.cobacloudkitTests;
				PRODUCT_NAME = "$(TARGET_NAME)";
				SWIFT_EMIT_LOC_STRINGS = NO;
				SWIFT_VERSION = 5.0;
				TARGETED_DEVICE_FAMILY = "1,2";
				TEST_HOST = "$(BUILT_PRODUCTS_DIR)/cobacloudkit.app/$(BUNDLE_EXECUTABLE_FOLDER_PATH)/cobacloudkit";
			};
			name = Debug;
		};
		831653DE2D93D0BA006F96E1 /* Release */ = {
			isa = XCBuildConfiguration;
			buildSettings = {
				BUNDLE_LOADER = "$(TEST_HOST)";
				CODE_SIGN_STYLE = Automatic;
				CURRENT_PROJECT_VERSION = 1;
				DEVELOPMENT_TEAM = A4KGY5D8P3;
				GENERATE_INFOPLIST_FILE = YES;
				IPHONEOS_DEPLOYMENT_TARGET = 18.2;
				MARKETING_VERSION = 1.0;
				PRODUCT_BUNDLE_IDENTIFIER = com.cloudkityes.cobacloudkitTests;
				PRODUCT_NAME = "$(TARGET_NAME)";
				SWIFT_EMIT_LOC_STRINGS = NO;
				SWIFT_VERSION = 5.0;
				TARGETED_DEVICE_FAMILY = "1,2";
				TEST_HOST = "$(BUILT_PRODUCTS_DIR)/cobacloudkit.app/$(BUNDLE_EXECUTABLE_FOLDER_PATH)/cobacloudkit";
			};
			name = Release;
		};
		831653E02D93D0BA006F96E1 /* Debug */ = {
			isa = XCBuildConfiguration;
			buildSettings = {
				CODE_SIGN_STYLE = Automatic;
				CURRENT_PROJECT_VERSION = 1;
				DEVELOPMENT_TEAM = A4KGY5D8P3;
				GENERATE_INFOPLIST_FILE = YES;
				MARKETING_VERSION = 1.0;
				PRODUCT_BUNDLE_IDENTIFIER = com.cloudkityes.cobacloudkitUITests;
				PRODUCT_NAME = "$(TARGET_NAME)";
				SWIFT_EMIT_LOC_STRINGS = NO;
				SWIFT_VERSION = 5.0;
				TARGETED_DEVICE_FAMILY = "1,2";
				TEST_TARGET_NAME = cobacloudkit;
			};
			name = Debug;
		};
		831653E12D93D0BA006F96E1 /* Release */ = {
			isa = XCBuildConfiguration;
			buildSettings = {
				CODE_SIGN_STYLE = Automatic;
				CURRENT_PROJECT_VERSION = 1;
				DEVELOPMENT_TEAM = A4KGY5D8P3;
				GENERATE_INFOPLIST_FILE = YES;
				MARKETING_VERSION = 1.0;
				PRODUCT_BUNDLE_IDENTIFIER = com.cloudkityes.cobacloudkitUITests;
				PRODUCT_NAME = "$(TARGET_NAME)";
				SWIFT_EMIT_LOC_STRINGS = NO;
				SWIFT_VERSION = 5.0;
				TARGETED_DEVICE_FAMILY = "1,2";
				TEST_TARGET_NAME = cobacloudkit;
			};
			name = Release;
		};
/* End XCBuildConfiguration section */

/* Begin XCConfigurationList section */
		831653AB2D93D0B9006F96E1 /* Build configuration list for PBXProject "cobacloudkit" */ = {
			isa = XCConfigurationList;
			buildConfigurations = (
				831653DA2D93D0BA006F96E1 /* Debug */,
				831653DB2D93D0BA006F96E1 /* Release */,
			);
			defaultConfigurationIsVisible = 0;
			defaultConfigurationName = Release;
		};
		831653D72D93D0BA006F96E1 /* Build configuration list for PBXNativeTarget "cobacloudkit" */ = {
			isa = XCConfigurationList;
			buildConfigurations = (
				831653D82D93D0BA006F96E1 /* Debug */,
				831653D92D93D0BA006F96E1 /* Release */,
			);
			defaultConfigurationIsVisible = 0;
			defaultConfigurationName = Release;
		};
		831653DC2D93D0BA006F96E1 /* Build configuration list for PBXNativeTarget "cobacloudkitTests" */ = {
			isa = XCConfigurationList;
			buildConfigurations = (
				831653DD2D93D0BA006F96E1 /* Debug */,
				831653DE2D93D0BA006F96E1 /* Release */,
			);
			defaultConfigurationIsVisible = 0;
			defaultConfigurationName = Release;
		};
		831653DF2D93D0BA006F96E1 /* Build configuration list for PBXNativeTarget "cobacloudkitUITests" */ = {
			isa = XCConfigurationList;
			buildConfigurations = (
				831653E02D93D0BA006F96E1 /* Debug */,
				831653E12D93D0BA006F96E1 /* Release */,
			);
			defaultConfigurationIsVisible = 0;
			defaultConfigurationName = Release;
		};
/* End XCConfigurationList section */
	};
	rootObject = 831653A82D93D0B9006F96E1 /* Project object */;
}
